
Microsoft Visual Studio Solution File, Format Version 12.00
# Visual Studio 15
VisualStudioVersion = 15.0.28010.2016
MinimumVisualStudioVersion = 10.0.40219.1
Project("{FAE04EC0-301F-11D3-BF4B-00C04F79EFBC}") = "WebApplication11", "WebApplication11\WebApplication11.csproj", "{DEEA7C34-A7EC-4316-BD62-663AD56C773F}"
EndProject
Global
	GlobalSection(SolutionConfigurationPlatforms) = preSolution
		Debug|Any CPU = Debug|Any CPU
		Release|Any CPU = Release|Any CPU
	EndGlobalSection
	GlobalSection(ProjectConfigurationPlatforms) = postSolution
		{DEEA7C34-A7EC-4316-BD62-663AD56C773F}.Debug|Any CPU.ActiveCfg = Debug|Any CPU
		{DEEA7C34-A7EC-4316-BD62-663AD56C773F}.Debug|Any CPU.Build.0 = Debug|Any CPU
		{DEEA7C34-A7EC-4316-BD62-663AD56C773F}.Release|Any CPU.ActiveCfg = Release|Any CPU
		{DEEA7C34-A7EC-4316-BD62-663AD56C773F}.Release|Any CPU.Build.0 = Release|Any CPU
	EndGlobalSection
	GlobalSection(SolutionProperties) = preSolution
		HideSolutionNode = FALSE
	EndGlobalSection
	GlobalSection(ExtensibilityGlobals) = postSolution
		SolutionGuid = {58BF9270-D56C-4FFC-8260-3971865F5F48}
	EndGlobalSection
EndGlobal
